
Microsoft Visual Studio Solution File, Format Version 12.00
# Visual Studio 15
Project("{FAE04EC0-301F-11D3-BF4B-00C04F79EFBC}") = "TeaNight_RTS", "TeaNight_RTS.csproj", "{525A3AD2-B17C-5E74-1D5C-A8F7072251B7}"
EndProject
Project("{FAE04EC0-301F-11D3-BF4B-00C04F79EFBC}") = "TeaNight_RTS.Plugins", "TeaNight_RTS.Plugins.csproj", "{8FF0A344-E96D-8B18-37E1-27F50FDF757B}"
EndProject
Project("{FAE04EC0-301F-11D3-BF4B-00C04F79EFBC}") = "TeaNight_RTS.Editor", "TeaNight_RTS.Editor.csproj", "{FB6202DC-60E8-A2C8-A59C-54A957B10925}"
EndProject
Global
	GlobalSection(SolutionConfigurationPlatforms) = preSolution
		Debug|Any CPU = Debug|Any CPU
		Release|Any CPU = Release|Any CPU
	EndGlobalSection
	GlobalSection(ProjectConfigurationPlatforms) = postSolution
		{525A3AD2-B17C-5E74-1D5C-A8F7072251B7}.Debug|Any CPU.ActiveCfg = Debug|Any CPU
		{525A3AD2-B17C-5E74-1D5C-A8F7072251B7}.Debug|Any CPU.Build.0 = Debug|Any CPU
		{525A3AD2-B17C-5E74-1D5C-A8F7072251B7}.Release|Any CPU.ActiveCfg = Release|Any CPU
		{525A3AD2-B17C-5E74-1D5C-A8F7072251B7}.Release|Any CPU.Build.0 = Release|Any CPU
		{8FF0A344-E96D-8B18-37E1-27F50FDF757B}.Debug|Any CPU.ActiveCfg = Debug|Any CPU
		{8FF0A344-E96D-8B18-37E1-27F50FDF757B}.Debug|Any CPU.Build.0 = Debug|Any CPU
		{8FF0A344-E96D-8B18-37E1-27F50FDF757B}.Release|Any CPU.ActiveCfg = Release|Any CPU
		{8FF0A344-E96D-8B18-37E1-27F50FDF757B}.Release|Any CPU.Build.0 = Release|Any CPU
		{FB6202DC-60E8-A2C8-A59C-54A957B10925}.Debug|Any CPU.ActiveCfg = Debug|Any CPU
		{FB6202DC-60E8-A2C8-A59C-54A957B10925}.Debug|Any CPU.Build.0 = Debug|Any CPU
		{FB6202DC-60E8-A2C8-A59C-54A957B10925}.Release|Any CPU.ActiveCfg = Release|Any CPU
		{FB6202DC-60E8-A2C8-A59C-54A957B10925}.Release|Any CPU.Build.0 = Release|Any CPU
	EndGlobalSection
	GlobalSection(SolutionProperties) = preSolution
		HideSolutionNode = FALSE
	EndGlobalSection
EndGlobal
